
Microsoft Visual Studio Solution File, Format Version 12.00
# Visual Studio Version 16
VisualStudioVersion = 16.0.29905.134
MinimumVisualStudioVersion = 10.0.40219.1
Project("{FAE04EC0-301F-11D3-BF4B-00C04F79EFBC}") = "MR_Images_To_PDF", "MR_PDF_Tools\MR_Images_To_PDF.csproj", "{0DDD49B4-7384-40A0-A7D1-88227BD644C7}"
EndProject
Global
	GlobalSection(SolutionConfigurationPlatforms) = preSolution
		Debug|Any CPU = Debug|Any CPU
		Release|Any CPU = Release|Any CPU
	EndGlobalSection
	GlobalSection(ProjectConfigurationPlatforms) = postSolution
		{0DDD49B4-7384-40A0-A7D1-88227BD644C7}.Debug|Any CPU.ActiveCfg = Debug|Any CPU
		{0DDD49B4-7384-40A0-A7D1-88227BD644C7}.Debug|Any CPU.Build.0 = Debug|Any CPU
		{0DDD49B4-7384-40A0-A7D1-88227BD644C7}.Release|Any CPU.ActiveCfg = Release|Any CPU
		{0DDD49B4-7384-40A0-A7D1-88227BD644C7}.Release|Any CPU.Build.0 = Release|Any CPU
	EndGlobalSection
	GlobalSection(SolutionProperties) = preSolution
		HideSolutionNode = FALSE
	EndGlobalSection
	GlobalSection(ExtensibilityGlobals) = postSolution
		SolutionGuid = {CE1F2290-FC09-4FD8-A395-6F3E46F4F50C}
	EndGlobalSection
EndGlobal
